
Microsoft Visual Studio Solution File, Format Version 12.00
# Visual Studio Version 16
VisualStudioVersion = 16.0.30907.101
MinimumVisualStudioVersion = 10.0.40219.1
Project("{FAE04EC0-301F-11D3-BF4B-00C04F79EFBC}") = "TaxCalculator", "TaxCalculator\TaxCalculator.csproj", "{9E69D436-E634-4775-8F62-50E559851D03}"
EndProject
Global
	GlobalSection(SolutionConfigurationPlatforms) = preSolution
		Debug|Any CPU = Debug|Any CPU
		Release|Any CPU = Release|Any CPU
	EndGlobalSection
	GlobalSection(ProjectConfigurationPlatforms) = postSolution
		{9E69D436-E634-4775-8F62-50E559851D03}.Debug|Any CPU.ActiveCfg = Debug|Any CPU
		{9E69D436-E634-4775-8F62-50E559851D03}.Debug|Any CPU.Build.0 = Debug|Any CPU
		{9E69D436-E634-4775-8F62-50E559851D03}.Release|Any CPU.ActiveCfg = Release|Any CPU
		{9E69D436-E634-4775-8F62-50E559851D03}.Release|Any CPU.Build.0 = Release|Any CPU
	EndGlobalSection
	GlobalSection(SolutionProperties) = preSolution
		HideSolutionNode = FALSE
	EndGlobalSection
	GlobalSection(ExtensibilityGlobals) = postSolution
		SolutionGuid = {DF3533FB-40CB-4E51-8A99-3DACD6B13CA7}
	EndGlobalSection
EndGlobal
